
Microsoft Visual Studio Solution File, Format Version 12.00
# Visual Studio Version 16
VisualStudioVersion = 16.0.29519.87
MinimumVisualStudioVersion = 10.0.40219.1
Project("{FAE04EC0-301F-11D3-BF4B-00C04F79EFBC}") = "AktivpauseRemastered.Android", "AktivpauseRemastered.Android\AktivpauseRemastered.Android.csproj", "{F910A49E-1EE5-4423-A277-64FDFC7D8ED1}"
EndProject
Project("{FAE04EC0-301F-11D3-BF4B-00C04F79EFBC}") = "AktivpauseRemastered.iOS", "AktivpauseRemastered.iOS\AktivpauseRemastered.iOS.csproj", "{8BA0CDEE-B216-4C8E-BAB2-500945291A9C}"
EndProject
Project("{FAE04EC0-301F-11D3-BF4B-00C04F79EFBC}") = "AktivpauseRemastered", "AktivpauseRemastered\AktivpauseRemastered.csproj", "{A67E4A69-8422-4315-96CA-50EF75704B25}"
EndProject
Global
	GlobalSection(SolutionConfigurationPlatforms) = preSolution
		Debug|Any CPU = Debug|Any CPU
		Debug|iPhone = Debug|iPhone
		Debug|iPhoneSimulator = Debug|iPhoneSimulator
		Release|Any CPU = Release|Any CPU
		Release|iPhone = Release|iPhone
		Release|iPhoneSimulator = Release|iPhoneSimulator
	EndGlobalSection
	GlobalSection(ProjectConfigurationPlatforms) = postSolution
		{F910A49E-1EE5-4423-A277-64FDFC7D8ED1}.Debug|Any CPU.ActiveCfg = Debug|Any CPU
		{F910A49E-1EE5-4423-A277-64FDFC7D8ED1}.Debug|Any CPU.Build.0 = Debug|Any CPU
		{F910A49E-1EE5-4423-A277-64FDFC7D8ED1}.Debug|Any CPU.Deploy.0 = Debug|Any CPU
		{F910A49E-1EE5-4423-A277-64FDFC7D8ED1}.Debug|iPhone.ActiveCfg = Debug|Any CPU
		{F910A49E-1EE5-4423-A277-64FDFC7D8ED1}.Debug|iPhone.Build.0 = Debug|Any CPU
		{F910A49E-1EE5-4423-A277-64FDFC7D8ED1}.Debug|iPhone.Deploy.0 = Debug|Any CPU
		{F910A49E-1EE5-4423-A277-64FDFC7D8ED1}.Debug|iPhoneSimulator.ActiveCfg = Debug|Any CPU
		{F910A49E-1EE5-4423-A277-64FDFC7D8ED1}.Debug|iPhoneSimulator.Build.0 = Debug|Any CPU
		{F910A49E-1EE5-4423-A277-64FDFC7D8ED1}.Debug|iPhoneSimulator.Deploy.0 = Debug|Any CPU
		{F910A49E-1EE5-4423-A277-64FDFC7D8ED1}.Release|Any CPU.ActiveCfg = Release|Any CPU
		{F910A49E-1EE5-4423-A277-64FDFC7D8ED1}.Release|Any CPU.Build.0 = Release|Any CPU
		{F910A49E-1EE5-4423-A277-64FDFC7D8ED1}.Release|Any CPU.Deploy.0 = Release|Any CPU
		{F910A49E-1EE5-4423-A277-64FDFC7D8ED1}.Release|iPhone.ActiveCfg = Release|Any CPU
		{F910A49E-1EE5-4423-A277-64FDFC7D8ED1}.Release|iPhone.Build.0 = Release|Any CPU
		{F910A49E-1EE5-4423-A277-64FDFC7D8ED1}.Release|iPhone.Deploy.0 = Release|Any CPU
		{F910A49E-1EE5-4423-A277-64FDFC7D8ED1}.Release|iPhoneSimulator.ActiveCfg = Release|Any CPU
		{F910A49E-1EE5-4423-A277-64FDFC7D8ED1}.Release|iPhoneSimulator.Build.0 = Release|Any CPU
		{F910A49E-1EE5-4423-A277-64FDFC7D8ED1}.Release|iPhoneSimulator.Deploy.0 = Release|Any CPU
		{8BA0CDEE-B216-4C8E-BAB2-500945291A9C}.Debug|Any CPU.ActiveCfg = Debug|iPhoneSimulator
		{8BA0CDEE-B216-4C8E-BAB2-500945291A9C}.Debug|Any CPU.Build.0 = Debug|iPhoneSimulator
		{8BA0CDEE-B216-4C8E-BAB2-500945291A9C}.Debug|Any CPU.Deploy.0 = Debug|iPhoneSimulator
		{8BA0CDEE-B216-4C8E-BAB2-500945291A9C}.Debug|iPhone.ActiveCfg = Debug|iPhone
		{8BA0CDEE-B216-4C8E-BAB2-500945291A9C}.Debug|iPhone.Build.0 = Debug|iPhone
		{8BA0CDEE-B216-4C8E-BAB2-500945291A9C}.Debug|iPhone.Deploy.0 = Debug|iPhone
		{8BA0CDEE-B216-4C8E-BAB2-500945291A9C}.Debug|iPhoneSimulator.ActiveCfg = Debug|iPhoneSimulator
		{8BA0CDEE-B216-4C8E-BAB2-500945291A9C}.Debug|iPhoneSimulator.Build.0 = Debug|iPhoneSimulator
		{8BA0CDEE-B216-4C8E-BAB2-500945291A9C}.Debug|iPhoneSimulator.Deploy.0 = Debug|iPhoneSimulator
		{8BA0CDEE-B216-4C8E-BAB2-500945291A9C}.Release|Any CPU.ActiveCfg = Release|iPhone
		{8BA0CDEE-B216-4C8E-BAB2-500945291A9C}.Release|Any CPU.Build.0 = Release|iPhone
		{8BA0CDEE-B216-4C8E-BAB2-500945291A9C}.Release|Any CPU.Deploy.0 = Release|iPhone
		{8BA0CDEE-B216-4C8E-BAB2-500945291A9C}.Release|iPhone.ActiveCfg = Release|iPhone
		{8BA0CDEE-B216-4C8E-BAB2-500945291A9C}.Release|iPhone.Build.0 = Release|iPhone
		{8BA0CDEE-B216-4C8E-BAB2-500945291A9C}.Release|iPhone.Deploy.0 = Release|iPhone
		{8BA0CDEE-B216-4C8E-BAB2-500945291A9C}.Release|iPhoneSimulator.ActiveCfg = Release|iPhoneSimulator
		{8BA0CDEE-B216-4C8E-BAB2-500945291A9C}.Release|iPhoneSimulator.Build.0 = Release|iPhoneSimulator
		{8BA0CDEE-B216-4C8E-BAB2-500945291A9C}.Release|iPhoneSimulator.Deploy.0 = Release|iPhoneSimulator
		{A67E4A69-8422-4315-96CA-50EF75704B25}.Debug|Any CPU.ActiveCfg = Debug|Any CPU
		{A67E4A69-8422-4315-96CA-50EF75704B25}.Debug|Any CPU.Build.0 = Debug|Any CPU
		{A67E4A69-8422-4315-96CA-50EF75704B25}.Debug|Any CPU.Deploy.0 = Debug|Any CPU
		{A67E4A69-8422-4315-96CA-50EF75704B25}.Debug|iPhone.ActiveCfg = Debug|Any CPU
		{A67E4A69-8422-4315-96CA-50EF75704B25}.Debug|iPhone.Build.0 = Debug|Any CPU
		{A67E4A69-8422-4315-96CA-50EF75704B25}.Debug|iPhone.Deploy.0 = Debug|Any CPU
		{A67E4A69-8422-4315-96CA-50EF75704B25}.Debug|iPhoneSimulator.ActiveCfg = Debug|Any CPU
		{A67E4A69-8422-4315-96CA-50EF75704B25}.Debug|iPhoneSimulator.Build.0 = Debug|Any CPU
		{A67E4A69-8422-4315-96CA-50EF75704B25}.Debug|iPhoneSimulator.Deploy.0 = Debug|Any CPU
		{A67E4A69-8422-4315-96CA-50EF75704B25}.Release|Any CPU.ActiveCfg = Release|Any CPU
		{A67E4A69-8422-4315-96CA-50EF75704B25}.Release|Any CPU.Build.0 = Release|Any CPU
		{A67E4A69-8422-4315-96CA-50EF75704B25}.Release|Any CPU.Deploy.0 = Release|Any CPU
		{A67E4A69-8422-4315-96CA-50EF75704B25}.Release|iPhone.ActiveCfg = Release|Any CPU
		{A67E4A69-8422-4315-96CA-50EF75704B25}.Release|iPhone.Build.0 = Release|Any CPU
		{A67E4A69-8422-4315-96CA-50EF75704B25}.Release|iPhone.Deploy.0 = Release|Any CPU
		{A67E4A69-8422-4315-96CA-50EF75704B25}.Release|iPhoneSimulator.ActiveCfg = Release|Any CPU
		{A67E4A69-8422-4315-96CA-50EF75704B25}.Release|iPhoneSimulator.Build.0 = Release|Any CPU
		{A67E4A69-8422-4315-96CA-50EF75704B25}.Release|iPhoneSimulator.Deploy.0 = Release|Any CPU
	EndGlobalSection
	GlobalSection(SolutionProperties) = preSolution
		HideSolutionNode = FALSE
	EndGlobalSection
	GlobalSection(ExtensibilityGlobals) = postSolution
		SolutionGuid = {629A04C2-12BB-4BFF-93EF-013953D21761}
	EndGlobalSection
EndGlobal
